
Microsoft Visual Studio Solution File, Format Version 12.00
# Visual Studio Version 16
VisualStudioVersion = 16.0.32510.428
MinimumVisualStudioVersion = 10.0.40219.1
Project("{FAE04EC0-301F-11D3-BF4B-00C04F79EFBC}") = "CalculateNetWorthApi", "CalculateNetWorthApi.csproj", "{65C0675C-8900-4259-82BC-5147A668363C}"
EndProject
Global
	GlobalSection(SolutionConfigurationPlatforms) = preSolution
		Debug|Any CPU = Debug|Any CPU
		Release|Any CPU = Release|Any CPU
	EndGlobalSection
	GlobalSection(ProjectConfigurationPlatforms) = postSolution
		{65C0675C-8900-4259-82BC-5147A668363C}.Debug|Any CPU.ActiveCfg = Debug|Any CPU
		{65C0675C-8900-4259-82BC-5147A668363C}.Debug|Any CPU.Build.0 = Debug|Any CPU
		{65C0675C-8900-4259-82BC-5147A668363C}.Release|Any CPU.ActiveCfg = Release|Any CPU
		{65C0675C-8900-4259-82BC-5147A668363C}.Release|Any CPU.Build.0 = Release|Any CPU
	EndGlobalSection
	GlobalSection(SolutionProperties) = preSolution
		HideSolutionNode = FALSE
	EndGlobalSection
	GlobalSection(ExtensibilityGlobals) = postSolution
		SolutionGuid = {C06392B4-90F8-4313-AB4A-8165FD655D2C}
	EndGlobalSection
EndGlobal
